
Microsoft Visual Studio Solution File, Format Version 12.00
# Visual Studio 14
VisualStudioVersion = 14.0.25420.1
MinimumVisualStudioVersion = 10.0.40219.1
Project("{2150E333-8FDC-42A3-9474-1A3956D46DE8}") = "Solution Items", "Solution Items", "{AE7B8DC6-833A-4817-915D-AAB9B8F17C1B}"
	ProjectSection(SolutionItems) = preProject
		Launch.lua = Launch.lua
		LaunchInstall.lua = LaunchInstall.lua
		README.md = README.md
		UpdateApply.lua = UpdateApply.lua
		UpdateCheck.lua = UpdateCheck.lua
	EndProjectSection
EndProject
Project("{2150E333-8FDC-42A3-9474-1A3956D46DE8}") = "Item bases", "Item bases", "{5BCB69A7-EFE8-4C72-B5E3-DF2C1E227290}"
	ProjectSection(SolutionItems) = preProject
		Data\Bases\amulet.lua = Data\Bases\amulet.lua
		Data\Bases\axe.lua = Data\Bases\axe.lua
		Data\Bases\belt.lua = Data\Bases\belt.lua
		Data\Bases\body.lua = Data\Bases\body.lua
		Data\Bases\boots.lua = Data\Bases\boots.lua
		Data\Bases\bow.lua = Data\Bases\bow.lua
		Data\Bases\claw.lua = Data\Bases\claw.lua
		Data\Bases\dagger.lua = Data\Bases\dagger.lua
		Data\Bases\flask.lua = Data\Bases\flask.lua
		Data\Bases\gloves.lua = Data\Bases\gloves.lua
		Data\Bases\helmet.lua = Data\Bases\helmet.lua
		Data\Bases\jewel.lua = Data\Bases\jewel.lua
		Data\Bases\mace.lua = Data\Bases\mace.lua
		Data\Bases\quiver.lua = Data\Bases\quiver.lua
		Data\Bases\ring.lua = Data\Bases\ring.lua
		Data\Bases\shield.lua = Data\Bases\shield.lua
		Data\Bases\staff.lua = Data\Bases\staff.lua
		Data\Bases\sword.lua = Data\Bases\sword.lua
		Data\Bases\wand.lua = Data\Bases\wand.lua
	EndProjectSection
EndProject
Project("{2150E333-8FDC-42A3-9474-1A3956D46DE8}") = "Modules", "Modules", "{35D8BE82-CD83-4C2D-AD31-47026E724F46}"
	ProjectSection(SolutionItems) = preProject
		Modules\Build.lua = Modules\Build.lua
		Modules\BuildList.lua = Modules\BuildList.lua
		Modules\CalcActiveSkill.lua = Modules\CalcActiveSkill.lua
		Modules\CalcBreakdown.lua = Modules\CalcBreakdown.lua
		Modules\CalcDefence.lua = Modules\CalcDefence.lua
		Modules\CalcOffence.lua = Modules\CalcOffence.lua
		Modules\CalcPerform.lua = Modules\CalcPerform.lua
		Modules\Calcs.lua = Modules\Calcs.lua
		Modules\CalcSections.lua = Modules\CalcSections.lua
		Modules\CalcSetup.lua = Modules\CalcSetup.lua
		Modules\CalcTools.lua = Modules\CalcTools.lua
		Modules\Common.lua = Modules\Common.lua
		Modules\Data.lua = Modules\Data.lua
		Modules\ItemTools.lua = Modules\ItemTools.lua
		Modules\Main.lua = Modules\Main.lua
		Modules\ModParser.lua = Modules\ModParser.lua
		Modules\ModTools.lua = Modules\ModTools.lua
	EndProjectSection
EndProject
Project("{2150E333-8FDC-42A3-9474-1A3956D46DE8}") = "Classes", "Classes", "{7EE4DE67-DABD-4A3C-8772-37D4A9DB6D59}"
	ProjectSection(SolutionItems) = preProject
		Classes\BuildListControl.lua = Classes\BuildListControl.lua
		Classes\ButtonControl.lua = Classes\ButtonControl.lua
		Classes\CalcBreakdownControl.lua = Classes\CalcBreakdownControl.lua
		Classes\CalcSectionControl.lua = Classes\CalcSectionControl.lua
		Classes\CalcsTab.lua = Classes\CalcsTab.lua
		Classes\CheckBoxControl.lua = Classes\CheckBoxControl.lua
		Classes\ConfigTab.lua = Classes\ConfigTab.lua
		Classes\Control.lua = Classes\Control.lua
		Classes\ControlHost.lua = Classes\ControlHost.lua
		Classes\DropDownControl.lua = Classes\DropDownControl.lua
		Classes\EditControl.lua = Classes\EditControl.lua
		Classes\GemSelectControl.lua = Classes\GemSelectControl.lua
		Classes\ImportTab.lua = Classes\ImportTab.lua
		Classes\ItemDBControl.lua = Classes\ItemDBControl.lua
		Classes\ItemListControl.lua = Classes\ItemListControl.lua
		Classes\ItemSlotControl.lua = Classes\ItemSlotControl.lua
		Classes\ItemsTab.lua = Classes\ItemsTab.lua
		Classes\LabelControl.lua = Classes\LabelControl.lua
		Classes\MinionListControl.lua = Classes\MinionListControl.lua
		Classes\ModDB.lua = Classes\ModDB.lua
		Classes\ModList.lua = Classes\ModList.lua
		Classes\NotesTab.lua = Classes\NotesTab.lua
		Classes\PassiveSpec.lua = Classes\PassiveSpec.lua
		Classes\PassiveSpecListControl.lua = Classes\PassiveSpecListControl.lua
		Classes\PassiveTree.lua = Classes\PassiveTree.lua
		Classes\PassiveTreeView.lua = Classes\PassiveTreeView.lua
		Classes\PopupDialog.lua = Classes\PopupDialog.lua
		Classes\ScrollBarControl.lua = Classes\ScrollBarControl.lua
		Classes\SectionControl.lua = Classes\SectionControl.lua
		Classes\SkillListControl.lua = Classes\SkillListControl.lua
		Classes\SkillsTab.lua = Classes\SkillsTab.lua
		Classes\SliderControl.lua = Classes\SliderControl.lua
		Classes\TextListControl.lua = Classes\TextListControl.lua
		Classes\TreeTab.lua = Classes\TreeTab.lua
		Classes\UndoHandler.lua = Classes\UndoHandler.lua
	EndProjectSection
EndProject
Project("{2150E333-8FDC-42A3-9474-1A3956D46DE8}") = "Data", "Data", "{F2327651-CAA5-4DA0-91DB-EFA5E0E07A51}"
	ProjectSection(SolutionItems) = preProject
		Data\EnchantmentBoots.lua = Data\EnchantmentBoots.lua
		Data\EnchantmentHelmet.lua = Data\EnchantmentHelmet.lua
		Data\Minions.lua = Data\Minions.lua
		Data\ModFlask.lua = Data\ModFlask.lua
		Data\ModJewel.lua = Data\ModJewel.lua
		Data\New.lua = Data\New.lua
		Data\Rares.lua = Data\Rares.lua
		Data\Spectres.lua = Data\Spectres.lua
	EndProjectSection
EndProject
Project("{2150E333-8FDC-42A3-9474-1A3956D46DE8}") = "Unique items", "Unique items", "{D9D8B9D1-F114-40CB-8EFA-B0F753009183}"
	ProjectSection(SolutionItems) = preProject
		Data\Uniques\amulet.lua = Data\Uniques\amulet.lua
		Data\Uniques\axe.lua = Data\Uniques\axe.lua
		Data\Uniques\belt.lua = Data\Uniques\belt.lua
		Data\Uniques\body.lua = Data\Uniques\body.lua
		Data\Uniques\boots.lua = Data\Uniques\boots.lua
		Data\Uniques\bow.lua = Data\Uniques\bow.lua
		Data\Uniques\claw.lua = Data\Uniques\claw.lua
		Data\Uniques\dagger.lua = Data\Uniques\dagger.lua
		Data\Uniques\flask.lua = Data\Uniques\flask.lua
		Data\Uniques\gloves.lua = Data\Uniques\gloves.lua
		Data\Uniques\helmet.lua = Data\Uniques\helmet.lua
		Data\Uniques\jewel.lua = Data\Uniques\jewel.lua
		Data\Uniques\mace.lua = Data\Uniques\mace.lua
		Data\Uniques\quiver.lua = Data\Uniques\quiver.lua
		Data\Uniques\ring.lua = Data\Uniques\ring.lua
		Data\Uniques\shield.lua = Data\Uniques\shield.lua
		Data\Uniques\staff.lua = Data\Uniques\staff.lua
		Data\Uniques\sword.lua = Data\Uniques\sword.lua
		Data\Uniques\wand.lua = Data\Uniques\wand.lua
	EndProjectSection
EndProject
Project("{2150E333-8FDC-42A3-9474-1A3956D46DE8}") = "Skills", "Skills", "{C25AF719-B309-41E2-8696-C07EEDA2FC45}"
	ProjectSection(SolutionItems) = preProject
		Data\Skills\act_dex.lua = Data\Skills\act_dex.lua
		Data\Skills\act_int.lua = Data\Skills\act_int.lua
		Data\Skills\act_str.lua = Data\Skills\act_str.lua
		Data\Skills\minion.lua = Data\Skills\minion.lua
		Data\Skills\other.lua = Data\Skills\other.lua
		Data\Skills\sup_dex.lua = Data\Skills\sup_dex.lua
		Data\Skills\sup_int.lua = Data\Skills\sup_int.lua
		Data\Skills\sup_str.lua = Data\Skills\sup_str.lua
	EndProjectSection
EndProject
Global
	GlobalSection(SolutionProperties) = preSolution
		HideSolutionNode = FALSE
	EndGlobalSection
	GlobalSection(NestedProjects) = preSolution
		{5BCB69A7-EFE8-4C72-B5E3-DF2C1E227290} = {F2327651-CAA5-4DA0-91DB-EFA5E0E07A51}
		{35D8BE82-CD83-4C2D-AD31-47026E724F46} = {AE7B8DC6-833A-4817-915D-AAB9B8F17C1B}
		{7EE4DE67-DABD-4A3C-8772-37D4A9DB6D59} = {AE7B8DC6-833A-4817-915D-AAB9B8F17C1B}
		{F2327651-CAA5-4DA0-91DB-EFA5E0E07A51} = {AE7B8DC6-833A-4817-915D-AAB9B8F17C1B}
		{D9D8B9D1-F114-40CB-8EFA-B0F753009183} = {F2327651-CAA5-4DA0-91DB-EFA5E0E07A51}
		{C25AF719-B309-41E2-8696-C07EEDA2FC45} = {F2327651-CAA5-4DA0-91DB-EFA5E0E07A51}
	EndGlobalSection
EndGlobal
