
Microsoft Visual Studio Solution File, Format Version 12.00
# Visual Studio 14
VisualStudioVersion = 14.0.25123.0
MinimumVisualStudioVersion = 10.0.40219.1
Project("{2150E333-8FDC-42A3-9474-1A3956D46DE8}") = "Solution Items", "Solution Items", "{AE7B8DC6-833A-4817-915D-AAB9B8F17C1B}"
	ProjectSection(SolutionItems) = preProject
		Common.lua = Common.lua
		Launch.lua = Launch.lua
	EndProjectSection
EndProject
Project("{2150E333-8FDC-42A3-9474-1A3956D46DE8}") = "Gem DB", "Gem DB", "{EE9D06F5-7310-4567-AB18-6923BCF0A2A1}"
	ProjectSection(SolutionItems) = preProject
		Gems\act_dex.lua = Gems\act_dex.lua
		Gems\act_int.lua = Gems\act_int.lua
		Gems\act_str.lua = Gems\act_str.lua
		Gems\sup_dex.lua = Gems\sup_dex.lua
		Gems\sup_int.lua = Gems\sup_int.lua
		Gems\sup_str.lua = Gems\sup_str.lua
	EndProjectSection
EndProject
Project("{2150E333-8FDC-42A3-9474-1A3956D46DE8}") = "Item DB", "Item DB", "{5BCB69A7-EFE8-4C72-B5E3-DF2C1E227290}"
	ProjectSection(SolutionItems) = preProject
		Items\axe.lua = Items\axe.lua
		Items\body.lua = Items\body.lua
		Items\boots.lua = Items\boots.lua
		Items\bow.lua = Items\bow.lua
		Items\claw.lua = Items\claw.lua
		Items\dagger.lua = Items\dagger.lua
		Items\glove.lua = Items\glove.lua
		Items\helm.lua = Items\helm.lua
		Items\mace.lua = Items\mace.lua
		Items\misc.lua = Items\misc.lua
		Items\shield.lua = Items\shield.lua
		Items\staff.lua = Items\staff.lua
		Items\sword.lua = Items\sword.lua
		Items\wand.lua = Items\wand.lua
	EndProjectSection
EndProject
Project("{2150E333-8FDC-42A3-9474-1A3956D46DE8}") = "Modules", "Modules", "{35D8BE82-CD83-4C2D-AD31-47026E724F46}"
	ProjectSection(SolutionItems) = preProject
		Modules\Build.lua = Modules\Build.lua
		Modules\BuildList.lua = Modules\BuildList.lua
		Modules\Calcs.lua = Modules\Calcs.lua
		Modules\CalcsControl.lua = Modules\CalcsControl.lua
		Modules\CalcsView.lua = Modules\CalcsView.lua
		Modules\Data.lua = Modules\Data.lua
		Modules\Items.lua = Modules\Items.lua
		Modules\Main.lua = Modules\Main.lua
		Modules\ModParser.lua = Modules\ModParser.lua
		Modules\ModTools.lua = Modules\ModTools.lua
	EndProjectSection
EndProject
Project("{2150E333-8FDC-42A3-9474-1A3956D46DE8}") = "Classes", "Classes", "{7EE4DE67-DABD-4A3C-8772-37D4A9DB6D59}"
	ProjectSection(SolutionItems) = preProject
		Classes\ButtonControl.lua = Classes\ButtonControl.lua
		Classes\DropDownControl.lua = Classes\DropDownControl.lua
		Classes\EditControl.lua = Classes\EditControl.lua
		Classes\PassiveSpec.lua = Classes\PassiveSpec.lua
		Classes\PassiveTree.lua = Classes\PassiveTree.lua
		Classes\PassiveTreeView.lua = Classes\PassiveTreeView.lua
	EndProjectSection
EndProject
Global
	GlobalSection(SolutionProperties) = preSolution
		HideSolutionNode = FALSE
	EndGlobalSection
	GlobalSection(NestedProjects) = preSolution
		{EE9D06F5-7310-4567-AB18-6923BCF0A2A1} = {AE7B8DC6-833A-4817-915D-AAB9B8F17C1B}
		{5BCB69A7-EFE8-4C72-B5E3-DF2C1E227290} = {AE7B8DC6-833A-4817-915D-AAB9B8F17C1B}
		{35D8BE82-CD83-4C2D-AD31-47026E724F46} = {AE7B8DC6-833A-4817-915D-AAB9B8F17C1B}
		{7EE4DE67-DABD-4A3C-8772-37D4A9DB6D59} = {AE7B8DC6-833A-4817-915D-AAB9B8F17C1B}
	EndGlobalSection
EndGlobal
